
Microsoft Visual Studio Solution File, Format Version 12.00
# Visual Studio Version 17
VisualStudioVersion = 17.1.32210.238
MinimumVisualStudioVersion = 10.0.40219.1
Project("{FAE04EC0-301F-11D3-BF4B-00C04F79EFBC}") = "Modul8_1302204054", "Modul8_1302204054\Modul8_1302204054.csproj", "{9222F828-8832-49DF-84E7-644DC167EC53}"
EndProject
Global
	GlobalSection(SolutionConfigurationPlatforms) = preSolution
		Debug|Any CPU = Debug|Any CPU
		Release|Any CPU = Release|Any CPU
	EndGlobalSection
	GlobalSection(ProjectConfigurationPlatforms) = postSolution
		{9222F828-8832-49DF-84E7-644DC167EC53}.Debug|Any CPU.ActiveCfg = Debug|Any CPU
		{9222F828-8832-49DF-84E7-644DC167EC53}.Debug|Any CPU.Build.0 = Debug|Any CPU
		{9222F828-8832-49DF-84E7-644DC167EC53}.Release|Any CPU.ActiveCfg = Release|Any CPU
		{9222F828-8832-49DF-84E7-644DC167EC53}.Release|Any CPU.Build.0 = Release|Any CPU
	EndGlobalSection
	GlobalSection(SolutionProperties) = preSolution
		HideSolutionNode = FALSE
	EndGlobalSection
	GlobalSection(ExtensibilityGlobals) = postSolution
		SolutionGuid = {FCDC22C3-7CFA-44C8-8D72-349742AE2862}
	EndGlobalSection
EndGlobal
